
Microsoft Visual Studio Solution File, Format Version 12.00
# Visual Studio Version 17
VisualStudioVersion = 17.13.35919.96 d17.13
MinimumVisualStudioVersion = 10.0.40219.1
Project("{FAE04EC0-301F-11D3-BF4B-00C04F79EFBC}") = "Atividade11", "..\Atividade11\Atividade11\Atividade11.csproj", "{EE8180FE-61F7-D0B3-015C-60986896AD45}"
EndProject
Global
	GlobalSection(SolutionConfigurationPlatforms) = preSolution
		Debug|Any CPU = Debug|Any CPU
		Release|Any CPU = Release|Any CPU
	EndGlobalSection
	GlobalSection(ProjectConfigurationPlatforms) = postSolution
		{EE8180FE-61F7-D0B3-015C-60986896AD45}.Debug|Any CPU.ActiveCfg = Debug|Any CPU
		{EE8180FE-61F7-D0B3-015C-60986896AD45}.Debug|Any CPU.Build.0 = Debug|Any CPU
		{EE8180FE-61F7-D0B3-015C-60986896AD45}.Release|Any CPU.ActiveCfg = Release|Any CPU
		{EE8180FE-61F7-D0B3-015C-60986896AD45}.Release|Any CPU.Build.0 = Release|Any CPU
	EndGlobalSection
	GlobalSection(SolutionProperties) = preSolution
		HideSolutionNode = FALSE
	EndGlobalSection
	GlobalSection(ExtensibilityGlobals) = postSolution
		SolutionGuid = {2007BDB0-72BB-482F-A993-889AADEA1E7E}
	EndGlobalSection
EndGlobal
